{
  "name": "dev",
  "lockfileVersion": 3,
  "requires": true,
  "packages": {
    "": {
      "dependencies": {
        "ogl": "^1.0.11",
        "postprocessing": "^6.38.2",
        "three": "^0.182.0"
      }
    },
    "node_modules/ogl": {
      "version": "1.0.11",
      "resolved": "https://registry.npmjs.org/ogl/-/ogl-1.0.11.tgz",
      "integrity": "sha512-kUpC154AFfxi16pmZUK4jk3J+8zxwTWGPo03EoYA8QPbzikHoaC82n6pNTbd+oEaJonaE8aPWBlX7ad9zrqLsA==",
      "license": "Unlicense"
    },
    "node_modules/postprocessing": {
      "version": "6.38.2",
      "resolved": "https://registry.npmjs.org/postprocessing/-/postprocessing-6.38.2.tgz",
      "integrity": "sha512-7DwuT7Tkst41ZjSj287g7C9c5/D3Xx5rMgBosg0dadbUPoZD2HNzkadKPol1d2PJAoI9f+Jeh1/v9YfLzpFGVw==",
      "license": "Zlib",
      "peerDependencies": {
        "three": ">= 0.157.0 < 0.183.0"
      }
    },
    "node_modules/three": {
      "version": "0.182.0",
      "resolved": "https://registry.npmjs.org/three/-/three-0.182.0.tgz",
      "integrity": "sha512-GbHabT+Irv+ihI1/f5kIIsZ+Ef9Sl5A1Y7imvS5RQjWgtTPfPnZ43JmlYI7NtCRDK9zir20lQpfg8/9Yd02OvQ==",
      "license": "MIT"
    }
  }
}
